
Microsoft Visual Studio Solution File, Format Version 12.00
# Visual Studio 15
VisualStudioVersion = 15.0.27428.2043
MinimumVisualStudioVersion = 10.0.40219.1
Project("{2150E333-8FDC-42A3-9474-1A3956D46DE8}") = "src", "src", "{0BF73F89-B5FB-43B7-9CA6-5D8738BE32C0}"
EndProject
Project("{9A19103F-16F7-4668-BE54-9A1E7A4F7556}") = "QuickApp", "QuickApp\QuickApp.csproj", "{E0C8E443-BEDD-41D7-AC10-210D9D18C89D}"
EndProject
Project("{9A19103F-16F7-4668-BE54-9A1E7A4F7556}") = "DAL", "DAL\DAL.csproj", "{B332D792-1D20-4715-8BC8-86038C776878}"
EndProject
Global
	GlobalSection(SolutionConfigurationPlatforms) = preSolution
		Debug|Any CPU = Debug|Any CPU
		Release|Any CPU = Release|Any CPU
	EndGlobalSection
	GlobalSection(ProjectConfigurationPlatforms) = postSolution
		{E0C8E443-BEDD-41D7-AC10-210D9D18C89D}.Debug|Any CPU.ActiveCfg = Debug|Any CPU
		{E0C8E443-BEDD-41D7-AC10-210D9D18C89D}.Debug|Any CPU.Build.0 = Debug|Any CPU
		{E0C8E443-BEDD-41D7-AC10-210D9D18C89D}.Release|Any CPU.ActiveCfg = Release|Any CPU
		{E0C8E443-BEDD-41D7-AC10-210D9D18C89D}.Release|Any CPU.Build.0 = Release|Any CPU
		{B332D792-1D20-4715-8BC8-86038C776878}.Debug|Any CPU.ActiveCfg = Debug|Any CPU
		{B332D792-1D20-4715-8BC8-86038C776878}.Debug|Any CPU.Build.0 = Debug|Any CPU
		{B332D792-1D20-4715-8BC8-86038C776878}.Release|Any CPU.ActiveCfg = Release|Any CPU
		{B332D792-1D20-4715-8BC8-86038C776878}.Release|Any CPU.Build.0 = Release|Any CPU
	EndGlobalSection
	GlobalSection(SolutionProperties) = preSolution
		HideSolutionNode = FALSE
	EndGlobalSection
	GlobalSection(ExtensibilityGlobals) = postSolution
		SolutionGuid = {2E93B81C-7F23-4952-B905-0DAAC06D5210}
	EndGlobalSection
EndGlobal
